# THIS IS AN AUTOGENERATED FILE. DO NOT EDIT THIS FILE DIRECTLY.
# yarn lockfile v1


fast-equals@^2.0.0:
  version "2.0.0"
  resolved "https://registry.yarnpkg.com/fast-equals/-/fast-equals-2.0.0.tgz#bef2c423af3939f2c54310df54c57e64cd2adefc"
  integrity sha512-u6RBd8cSiLLxAiC04wVsLV6GBFDOXcTCgWkd3wEoFXgidPSoAJENqC9m7Jb2vewSvjBIfXV6icKeh3GTKfIaXA==

uuid@^8.3.0:
  version "8.3.0"
  resolved "https://registry.yarnpkg.com/uuid/-/uuid-8.3.0.tgz#ab738085ca22dc9a8c92725e459b1d507df5d6ea"
  integrity sha512-fX6Z5o4m6XsXBdli9g7DtWgAx+osMsRRZFKma1mIUsLCz6vRvv+pz5VNbyu9UEDzpMWulZfvpgb/cmDXVulYFQ==
